
Microsoft Visual Studio Solution File, Format Version 12.00
# Visual Studio Version 17
VisualStudioVersion = 17.6.33723.286
MinimumVisualStudioVersion = 10.0.40219.1
Project("{FAE04EC0-301F-11D3-BF4B-00C04F79EFBC}") = "ExoticServer", "ExoticServer\ExoticServer.csproj", "{BDC20E7E-C189-4576-B46C-DAEC6D1FE1E0}"
EndProject
Global
	GlobalSection(SolutionConfigurationPlatforms) = preSolution
		Debug|Any CPU = Debug|Any CPU
		Release|Any CPU = Release|Any CPU
	EndGlobalSection
	GlobalSection(ProjectConfigurationPlatforms) = postSolution
		{BDC20E7E-C189-4576-B46C-DAEC6D1FE1E0}.Debug|Any CPU.ActiveCfg = Debug|Any CPU
		{BDC20E7E-C189-4576-B46C-DAEC6D1FE1E0}.Debug|Any CPU.Build.0 = Debug|Any CPU
		{BDC20E7E-C189-4576-B46C-DAEC6D1FE1E0}.Release|Any CPU.ActiveCfg = Release|Any CPU
		{BDC20E7E-C189-4576-B46C-DAEC6D1FE1E0}.Release|Any CPU.Build.0 = Release|Any CPU
	EndGlobalSection
	GlobalSection(SolutionProperties) = preSolution
		HideSolutionNode = FALSE
	EndGlobalSection
	GlobalSection(ExtensibilityGlobals) = postSolution
		SolutionGuid = {EBED2C05-2BDF-4D42-A05E-FC002AF597DC}
	EndGlobalSection
EndGlobal
